{
  "name": "mgl-eslint-rules-browser",
  "version": "2.0.0",
  "lockfileVersion": 1,
  "requires": true,
  "dependencies": {
    "changelog42": {
      "version": "0.9.0",
      "resolved": "https://registry.npmjs.org/changelog42/-/changelog42-0.9.0.tgz",
      "integrity": "sha1-hNc3LWuWVs7sttPbYU0SIjhINOA=",
      "dev": true
    },
    "mgl-eslint-rules": {
      "version": "2.0.0",
      "resolved": "https://registry.npmjs.org/mgl-eslint-rules/-/mgl-eslint-rules-2.0.0.tgz",
      "integrity": "sha512-gXbGPyOUyW8UdBAYXCfjzz+cWRTrNrmswH/9RlAj2H1/ygPDLOTCkxpLuYczKHxpJq/4oUSAfwVWN6XQpoh67g=="
    }
  }
}
